
Microsoft Visual Studio Solution File, Format Version 12.00
# Visual Studio Version 17
VisualStudioVersion = 17.7.34024.191
MinimumVisualStudioVersion = 10.0.40219.1
Project("{FAE04EC0-301F-11D3-BF4B-00C04F79EFBC}") = "ICS_Lab_3_dll", "ICS_Lab_3_dll.csproj", "{701C84E0-56A8-4E6B-B8F1-701F8360A5A4}"
EndProject
Global
	GlobalSection(SolutionConfigurationPlatforms) = preSolution
		Debug|Any CPU = Debug|Any CPU
		Release|Any CPU = Release|Any CPU
	EndGlobalSection
	GlobalSection(ProjectConfigurationPlatforms) = postSolution
		{701C84E0-56A8-4E6B-B8F1-701F8360A5A4}.Debug|Any CPU.ActiveCfg = Debug|Any CPU
		{701C84E0-56A8-4E6B-B8F1-701F8360A5A4}.Debug|Any CPU.Build.0 = Debug|Any CPU
		{701C84E0-56A8-4E6B-B8F1-701F8360A5A4}.Release|Any CPU.ActiveCfg = Release|Any CPU
		{701C84E0-56A8-4E6B-B8F1-701F8360A5A4}.Release|Any CPU.Build.0 = Release|Any CPU
	EndGlobalSection
	GlobalSection(SolutionProperties) = preSolution
		HideSolutionNode = FALSE
	EndGlobalSection
	GlobalSection(ExtensibilityGlobals) = postSolution
		SolutionGuid = {F06051CC-7359-41D8-BEE6-B23A67D2437D}
	EndGlobalSection
EndGlobal
